// !$*UTF8*$!
{
	archiveVersion = 1;
	classes = {
	};
	objectVersion = 46;
	objects = {

/* Begin PBXBuildFile section */
		18033A031C78998D00551587 /* main.m in Sources */ = {isa = PBXBuildFile; fileRef = 18033A021C78998D00551587 /* main.m */; };
		18033A0C1C78998D00551587 /* Main.storyboard in Resources */ = {isa = PBXBuildFile; fileRef = 18033A0A1C78998D00551587 /* Main.storyboard */; };
		18033A0E1C78998D00551587 /* Assets.xcassets in Resources */ = {isa = PBXBuildFile; fileRef = 18033A0D1C78998D00551587 /* Assets.xcassets */; };
		18033A111C78998D00551587 /* LaunchScreen.storyboard in Resources */ = {isa = PBXBuildFile; fileRef = 18033A0F1C78998D00551587 /* LaunchScreen.storyboard */; };
		18033A201C789A4600551587 /* ViewController.m in Sources */ = {isa = PBXBuildFile; fileRef = 18033A1A1C789A4600551587 /* ViewController.m */; };
		18033A211C789A4600551587 /* AppDelegate.m in Sources */ = {isa = PBXBuildFile; fileRef = 18033A1E1C789A4600551587 /* AppDelegate.m */; };
		18033A231C789AFE00551587 /* wine.plist in Resources */ = {isa = PBXBuildFile; fileRef = 18033A221C789AFE00551587 /* wine.plist */; };
/* End PBXBuildFile section */

/* Begin PBXFileReference section */
		180339FE1C78998D00551587 /* My购物车基本骨架.app */ = {isa = PBXFileReference; explicitFileType = wrapper.application; includeInIndex = 0; path = "My购物车基本骨架.app"; sourceTree = BUILT_PRODUCTS_DIR; };
		18033A021C78998D00551587 /* main.m */ = {isa = PBXFileReference; lastKnownFileType = sourcecode.c.objc; path = main.m; sourceTree = "<group>"; };
		18033A0B1C78998D00551587 /* Base */ = {isa = PBXFileReference; lastKnownFileType = file.storyboard; name = Base; path = Base.lproj/Main.storyboard; sourceTree = "<group>"; };
		18033A0D1C78998D00551587 /* Assets.xcassets */ = {isa = PBXFileReference; lastKnownFileType = folder.assetcatalog; path = Assets.xcassets; sourceTree = "<group>"; };
		18033A101C78998D00551587 /* Base */ = {isa = PBXFileReference; lastKnownFileType = file.storyboard; name = Base; path = Base.lproj/LaunchScreen.storyboard; sourceTree = "<group>"; };
		18033A121C78998D00551587 /* Info.plist */ = {isa = PBXFileReference; lastKnownFileType = text.plist.xml; path = Info.plist; sourceTree = "<group>"; };
		18033A191C789A4600551587 /* ViewController.h */ = {isa = PBXFileReference; fileEncoding = 4; lastKnownFileType = sourcecode.c.h; path = ViewController.h; sourceTree = "<group>"; };
		18033A1A1C789A4600551587 /* ViewController.m */ = {isa = PBXFileReference; fileEncoding = 4; lastKnownFileType = sourcecode.c.objc; path = ViewController.m; sourceTree = "<group>"; };
		18033A1D1C789A4600551587 /* AppDelegate.h */ = {isa = PBXFileReference; fileEncoding = 4; lastKnownFileType = sourcecode.c.h; path = AppDelegate.h; sourceTree = "<group>"; };
		18033A1E1C789A4600551587 /* AppDelegate.m */ = {isa = PBXFileReference; fileEncoding = 4; lastKnownFileType = sourcecode.c.objc; path = AppDelegate.m; sourceTree = "<group>"; };
		18033A221C789AFE00551587 /* wine.plist */ = {isa = PBXFileReference; fileEncoding = 4; lastKnownFileType = text.plist.xml; path = wine.plist; sourceTree = "<group>"; };
/* End PBXFileReference section */

/* Begin PBXFrameworksBuildPhase section */
		180339FB1C78998D00551587 /* Frameworks */ = {
			isa = PBXFrameworksBuildPhase;
			buildActionMask = 2147483647;
			files = (
			);
			runOnlyForDeploymentPostprocessing = 0;
		};
/* End PBXFrameworksBuildPhase section */

/* Begin PBXGroup section */
		180339F51C78998D00551587 = {
			isa = PBXGroup;
			children = (
				18033A001C78998D00551587 /* My购物车基本骨架 */,
				180339FF1C78998D00551587 /* Products */,
			);
			sourceTree = "<group>";
		};
		180339FF1C78998D00551587 /* Products */ = {
			isa = PBXGroup;
			children = (
				180339FE1C78998D00551587 /* My购物车基本骨架.app */,
			);
			name = Products;
			sourceTree = "<group>";
		};
		18033A001C78998D00551587 /* My购物车基本骨架 */ = {
			isa = PBXGroup;
			children = (
				18033A181C789A4600551587 /* Controller */,
				18033A1B1C789A4600551587 /* Model */,
				18033A1C1C789A4600551587 /* Others */,
				18033A1F1C789A4600551587 /* View */,
				18033A0A1C78998D00551587 /* Main.storyboard */,
				18033A0D1C78998D00551587 /* Assets.xcassets */,
				18033A011C78998D00551587 /* Supporting Files */,
			);
			path = "My购物车基本骨架";
			sourceTree = "<group>";
		};
		18033A011C78998D00551587 /* Supporting Files */ = {
			isa = PBXGroup;
			children = (
				18033A221C789AFE00551587 /* wine.plist */,
				18033A0F1C78998D00551587 /* LaunchScreen.storyboard */,
				18033A121C78998D00551587 /* Info.plist */,
				18033A021C78998D00551587 /* main.m */,
			);
			name = "Supporting Files";
			sourceTree = "<group>";
		};
		18033A181C789A4600551587 /* Controller */ = {
			isa = PBXGroup;
			children = (
				18033A191C789A4600551587 /* ViewController.h */,
				18033A1A1C789A4600551587 /* ViewController.m */,
			);
			path = Controller;
			sourceTree = "<group>";
		};
		18033A1B1C789A4600551587 /* Model */ = {
			isa = PBXGroup;
			children = (
			);
			path = Model;
			sourceTree = "<group>";
		};
		18033A1C1C789A4600551587 /* Others */ = {
			isa = PBXGroup;
			children = (
				18033A1D1C789A4600551587 /* AppDelegate.h */,
				18033A1E1C789A4600551587 /* AppDelegate.m */,
			);
			path = Others;
			sourceTree = "<group>";
		};
		18033A1F1C789A4600551587 /* View */ = {
			isa = PBXGroup;
			children = (
			);
			path = View;
			sourceTree = "<group>";
		};
/* End PBXGroup section */

/* Begin PBXNativeTarget section */
		180339FD1C78998D00551587 /* My购物车基本骨架 */ = {
			isa = PBXNativeTarget;
			buildConfigurationList = 18033A151C78998D00551587 /* Build configuration list for PBXNativeTarget "My购物车基本骨架" */;
			buildPhases = (
				180339FA1C78998D00551587 /* Sources */,
				180339FB1C78998D00551587 /* Frameworks */,
				180339FC1C78998D00551587 /* Resources */,
			);
			buildRules = (
			);
			dependencies = (
			);
			name = "My购物车基本骨架";
			productName = "My购物车基本骨架";
			productReference = 180339FE1C78998D00551587 /* My购物车基本骨架.app */;
			productType = "com.apple.product-type.application";
		};
/* End PBXNativeTarget section */

/* Begin PBXProject section */
		180339F61C78998D00551587 /* Project object */ = {
			isa = PBXProject;
			attributes = {
				CLASSPREFIX = LZ;
				LastUpgradeCheck = 0720;
				ORGANIZATIONNAME = m14a.cn;
				TargetAttributes = {
					180339FD1C78998D00551587 = {
						CreatedOnToolsVersion = 7.2;
					};
				};
			};
			buildConfigurationList = 180339F91C78998D00551587 /* Build configuration list for PBXProject "My购物车基本骨架" */;
			compatibilityVersion = "Xcode 3.2";
			developmentRegion = English;
			hasScannedForEncodings = 0;
			knownRegions = (
				en,
				Base,
			);
			mainGroup = 180339F51C78998D00551587;
			productRefGroup = 180339FF1C78998D00551587 /* Products */;
			projectDirPath = "";
			projectRoot = "";
			targets = (
				180339FD1C78998D00551587 /* My购物车基本骨架 */,
			);
		};
/* End PBXProject section */

/* Begin PBXResourcesBuildPhase section */
		180339FC1C78998D00551587 /* Resources */ = {
			isa = PBXResourcesBuildPhase;
			buildActionMask = 2147483647;
			files = (
				18033A111C78998D00551587 /* LaunchScreen.storyboard in Resources */,
				18033A0E1C78998D00551587 /* Assets.xcassets in Resources */,
				18033A0C1C78998D00551587 /* Main.storyboard in Resources */,
				18033A231C789AFE00551587 /* wine.plist in Resources */,
			);
			runOnlyForDeploymentPostprocessing = 0;
		};
/* End PBXResourcesBuildPhase section */

/* Begin PBXSourcesBuildPhase section */
		180339FA1C78998D00551587 /* Sources */ = {
			isa = PBXSourcesBuildPhase;
			buildActionMask = 2147483647;
			files = (
				18033A201C789A4600551587 /* ViewController.m in Sources */,
				18033A031C78998D00551587 /* main.m in Sources */,
				18033A211C789A4600551587 /* AppDelegate.m in Sources */,
			);
			runOnlyForDeploymentPostprocessing = 0;
		};
/* End PBXSourcesBuildPhase section */

/* Begin PBXVariantGroup section */
		18033A0A1C78998D00551587 /* Main.storyboard */ = {
			isa = PBXVariantGroup;
			children = (
				18033A0B1C78998D00551587 /* Base */,
			);
			name = Main.storyboard;
			sourceTree = "<group>";
		};
		18033A0F1C78998D00551587 /* LaunchScreen.storyboard */ = {
			isa = PBXVariantGroup;
			children = (
				18033A101C78998D00551587 /* Base */,
			);
			name = LaunchScreen.storyboard;
			sourceTree = "<group>";
		};
/* End PBXVariantGroup section */

/* Begin XCBuildConfiguration section */
		18033A131C78998D00551587 /* Debug */ = {
			isa = XCBuildConfiguration;
			buildSettings = {
				ALWAYS_SEARCH_USER_PATHS = NO;
				CLANG_CXX_LANGUAGE_STANDARD = "gnu++0x";
				CLANG_CXX_LIBRARY = "libc++";
				CLANG_ENABLE_MODULES = YES;
				CLANG_ENABLE_OBJC_ARC = YES;
				CLANG_WARN_BOOL_CONVERSION = YES;
				CLANG_WARN_CONSTANT_CONVERSION = YES;
				CLANG_WARN_DIRECT_OBJC_ISA_USAGE = YES_ERROR;
				CLANG_WARN_EMPTY_BODY = YES;
				CLANG_WARN_ENUM_CONVERSION = YES;
				CLANG_WARN_INT_CONVERSION = YES;
				CLANG_WARN_OBJC_ROOT_CLASS = YES_ERROR;
				CLANG_WARN_UNREACHABLE_CODE = YES;
				CLANG_WARN__DUPLICATE_METHOD_MATCH = YES;
				"CODE_SIGN_IDENTITY[sdk=iphoneos*]" = "iPhone Developer";
				COPY_PHASE_STRIP = NO;
				DEBUG_INFORMATION_FORMAT = dwarf;
				ENABLE_STRICT_OBJC_MSGSEND = YES;
				ENABLE_TESTABILITY = YES;
				GCC_C_LANGUAGE_STANDARD = gnu99;
				GCC_DYNAMIC_NO_PIC = NO;
				GCC_NO_COMMON_BLOCKS = YES;
				GCC_OPTIMIZATION_LEVEL = 0;
				GCC_PREPROCESSOR_DEFINITIONS = (
					"DEBUG=1",
					"$(inherited)",
				);
				GCC_WARN_64_TO_32_BIT_CONVERSION = YES;
				GCC_WARN_ABOUT_RETURN_TYPE = YES_ERROR;
				GCC_WARN_UNDECLARED_SELECTOR = YES;
				GCC_WARN_UNINITIALIZED_AUTOS = YES_AGGRESSIVE;
				GCC_WARN_UNUSED_FUNCTION = YES;
				GCC_WARN_UNUSED_VARIABLE = YES;
				IPHONEOS_DEPLOYMENT_TARGET = 9.2;
				MTL_ENABLE_DEBUG_INFO = YES;
				ONLY_ACTIVE_ARCH = YES;
				SDKROOT = iphoneos;
			};
			name = Debug;
		};
		18033A141C78998D00551587 /* Release */ = {
			isa = XCBuildConfiguration;
			buildSettings = {
				ALWAYS_SEARCH_USER_PATHS = NO;
				CLANG_CXX_LANGUAGE_STANDARD = "gnu++0x";
				CLANG_CXX_LIBRARY = "libc++";
				CLANG_ENABLE_MODULES = YES;
				CLANG_ENABLE_OBJC_ARC = YES;
				CLANG_WARN_BOOL_CONVERSION = YES;
				CLANG_WARN_CONSTANT_CONVERSION = YES;
				CLANG_WARN_DIRECT_OBJC_ISA_USAGE = YES_ERROR;
				CLANG_WARN_EMPTY_BODY = YES;
				CLANG_WARN_ENUM_CONVERSION = YES;
				CLANG_WARN_INT_CONVERSION = YES;
				CLANG_WARN_OBJC_ROOT_CLASS = YES_ERROR;
				CLANG_WARN_UNREACHABLE_CODE = YES;
				CLANG_WARN__DUPLICATE_METHOD_MATCH = YES;
				"CODE_SIGN_IDENTITY[sdk=iphoneos*]" = "iPhone Developer";
				COPY_PHASE_STRIP = NO;
				DEBUG_INFORMATION_FORMAT = "dwarf-with-dsym";
				ENABLE_NS_ASSERTIONS = NO;
				ENABLE_STRICT_OBJC_MSGSEND = YES;
				GCC_C_LANGUAGE_STANDARD = gnu99;
				GCC_NO_COMMON_BLOCKS = YES;
				GCC_WARN_64_TO_32_BIT_CONVERSION = YES;
				GCC_WARN_ABOUT_RETURN_TYPE = YES_ERROR;
				GCC_WARN_UNDECLARED_SELECTOR = YES;
				GCC_WARN_UNINITIALIZED_AUTOS = YES_AGGRESSIVE;
				GCC_WARN_UNUSED_FUNCTION = YES;
				GCC_WARN_UNUSED_VARIABLE = YES;
				IPHONEOS_DEPLOYMENT_TARGET = 9.2;
				MTL_ENABLE_DEBUG_INFO = NO;
				SDKROOT = iphoneos;
				VALIDATE_PRODUCT = YES;
			};
			name = Release;
		};
		18033A161C78998D00551587 /* Debug */ = {
			isa = XCBuildConfiguration;
			buildSettings = {
				ASSETCATALOG_COMPILER_APPICON_NAME = AppIcon;
				INFOPLIST_FILE = "My购物车基本骨架/Info.plist";
				LD_RUNPATH_SEARCH_PATHS = "$(inherited) @executable_path/Frameworks";
				PRODUCT_BUNDLE_IDENTIFIER = "com.520it.My-------";
				PRODUCT_NAME = "$(TARGET_NAME)";
			};
			name = Debug;
		};
		18033A171C78998D00551587 /* Release */ = {
			isa = XCBuildConfiguration;
			buildSettings = {
				ASSETCATALOG_COMPILER_APPICON_NAME = AppIcon;
				INFOPLIST_FILE = "My购物车基本骨架/Info.plist";
				LD_RUNPATH_SEARCH_PATHS = "$(inherited) @executable_path/Frameworks";
				PRODUCT_BUNDLE_IDENTIFIER = "com.520it.My-------";
				PRODUCT_NAME = "$(TARGET_NAME)";
			};
			name = Release;
		};
/* End XCBuildConfiguration section */

/* Begin XCConfigurationList section */
		180339F91C78998D00551587 /* Build configuration list for PBXProject "My购物车基本骨架" */ = {
			isa = XCConfigurationList;
			buildConfigurations = (
				18033A131C78998D00551587 /* Debug */,
				18033A141C78998D00551587 /* Release */,
			);
			defaultConfigurationIsVisible = 0;
			defaultConfigurationName = Release;
		};
		18033A151C78998D00551587 /* Build configuration list for PBXNativeTarget "My购物车基本骨架" */ = {
			isa = XCConfigurationList;
			buildConfigurations = (
				18033A161C78998D00551587 /* Debug */,
				18033A171C78998D00551587 /* Release */,
			);
			defaultConfigurationIsVisible = 0;
		};
/* End XCConfigurationList section */
	};
	rootObject = 180339F61C78998D00551587 /* Project object */;
}
